
Microsoft Visual Studio Solution File, Format Version 12.00
# Visual Studio Version 17
VisualStudioVersion = 17.2.32519.379
MinimumVisualStudioVersion = 10.0.40219.1
Project("{FAE04EC0-301F-11D3-BF4B-00C04F79EFBC}") = "HelloWorld", "HelloWorld\HelloWorld.csproj", "{2025F553-BFED-4E23-A418-BA0E4F2CE9E9}"
EndProject
Global
	GlobalSection(SolutionConfigurationPlatforms) = preSolution
		Debug|Any CPU = Debug|Any CPU
		Release|Any CPU = Release|Any CPU
	EndGlobalSection
	GlobalSection(ProjectConfigurationPlatforms) = postSolution
		{2025F553-BFED-4E23-A418-BA0E4F2CE9E9}.Debug|Any CPU.ActiveCfg = Debug|Any CPU
		{2025F553-BFED-4E23-A418-BA0E4F2CE9E9}.Debug|Any CPU.Build.0 = Debug|Any CPU
		{2025F553-BFED-4E23-A418-BA0E4F2CE9E9}.Release|Any CPU.ActiveCfg = Release|Any CPU
		{2025F553-BFED-4E23-A418-BA0E4F2CE9E9}.Release|Any CPU.Build.0 = Release|Any CPU
	EndGlobalSection
	GlobalSection(SolutionProperties) = preSolution
		HideSolutionNode = FALSE
	EndGlobalSection
	GlobalSection(ExtensibilityGlobals) = postSolution
		SolutionGuid = {B89B07B8-2A6D-4820-B437-AA1D6D7CD01D}
	EndGlobalSection
EndGlobal
